
Microsoft Visual Studio Solution File, Format Version 12.00
# Visual Studio Version 17
VisualStudioVersion = 17.8.34330.188
MinimumVisualStudioVersion = 10.0.40219.1
Project("{FAE04EC0-301F-11D3-BF4B-00C04F79EFBC}") = "temperatures", "temperatures\temperatures.csproj", "{F51CAC27-F2F0-4BBE-A41F-9A5A18288505}"
EndProject
Global
	GlobalSection(SolutionConfigurationPlatforms) = preSolution
		Debug|Any CPU = Debug|Any CPU
		Release|Any CPU = Release|Any CPU
	EndGlobalSection
	GlobalSection(ProjectConfigurationPlatforms) = postSolution
		{F51CAC27-F2F0-4BBE-A41F-9A5A18288505}.Debug|Any CPU.ActiveCfg = Debug|Any CPU
		{F51CAC27-F2F0-4BBE-A41F-9A5A18288505}.Debug|Any CPU.Build.0 = Debug|Any CPU
		{F51CAC27-F2F0-4BBE-A41F-9A5A18288505}.Release|Any CPU.ActiveCfg = Release|Any CPU
		{F51CAC27-F2F0-4BBE-A41F-9A5A18288505}.Release|Any CPU.Build.0 = Release|Any CPU
	EndGlobalSection
	GlobalSection(SolutionProperties) = preSolution
		HideSolutionNode = FALSE
	EndGlobalSection
	GlobalSection(ExtensibilityGlobals) = postSolution
		SolutionGuid = {48431575-302E-480B-B39C-0D2608FFB70E}
	EndGlobalSection
EndGlobal
